
Microsoft Visual Studio Solution File, Format Version 12.00
# Visual Studio 15
VisualStudioVersion = 15.0.27130.2027
MinimumVisualStudioVersion = 10.0.40219.1
Project("{FAE04EC0-301F-11D3-BF4B-00C04F79EFBC}") = "WpfMVVMFirst", "WpfMVVMFirst\WpfMVVMFirst.csproj", "{20805349-A2B6-494D-93A7-419E0B14895A}"
EndProject
Global
	GlobalSection(SolutionConfigurationPlatforms) = preSolution
		Debug|Any CPU = Debug|Any CPU
		Release|Any CPU = Release|Any CPU
	EndGlobalSection
	GlobalSection(ProjectConfigurationPlatforms) = postSolution
		{20805349-A2B6-494D-93A7-419E0B14895A}.Debug|Any CPU.ActiveCfg = Debug|Any CPU
		{20805349-A2B6-494D-93A7-419E0B14895A}.Debug|Any CPU.Build.0 = Debug|Any CPU
		{20805349-A2B6-494D-93A7-419E0B14895A}.Release|Any CPU.ActiveCfg = Release|Any CPU
		{20805349-A2B6-494D-93A7-419E0B14895A}.Release|Any CPU.Build.0 = Release|Any CPU
	EndGlobalSection
	GlobalSection(SolutionProperties) = preSolution
		HideSolutionNode = FALSE
	EndGlobalSection
	GlobalSection(ExtensibilityGlobals) = postSolution
		SolutionGuid = {C5F192C6-0B3D-41FD-8728-09023FB6747D}
	EndGlobalSection
EndGlobal
