
Microsoft Visual Studio Solution File, Format Version 12.00
# Visual Studio 15
VisualStudioVersion = 15.0.27130.2027
MinimumVisualStudioVersion = 10.0.40219.1
Project("{FAE04EC0-301F-11D3-BF4B-00C04F79EFBC}") = "Kassa", "Kassa\Kassa.csproj", "{F22F5F00-C9C6-4EF8-8880-F5DB5AF0BCFA}"
EndProject
Global
	GlobalSection(SolutionConfigurationPlatforms) = preSolution
		Debug|Any CPU = Debug|Any CPU
		Release|Any CPU = Release|Any CPU
	EndGlobalSection
	GlobalSection(ProjectConfigurationPlatforms) = postSolution
		{F22F5F00-C9C6-4EF8-8880-F5DB5AF0BCFA}.Debug|Any CPU.ActiveCfg = Debug|Any CPU
		{F22F5F00-C9C6-4EF8-8880-F5DB5AF0BCFA}.Debug|Any CPU.Build.0 = Debug|Any CPU
		{F22F5F00-C9C6-4EF8-8880-F5DB5AF0BCFA}.Release|Any CPU.ActiveCfg = Release|Any CPU
		{F22F5F00-C9C6-4EF8-8880-F5DB5AF0BCFA}.Release|Any CPU.Build.0 = Release|Any CPU
	EndGlobalSection
	GlobalSection(SolutionProperties) = preSolution
		HideSolutionNode = FALSE
	EndGlobalSection
	GlobalSection(ExtensibilityGlobals) = postSolution
		SolutionGuid = {DBD1445F-1BF6-415B-BC78-994DB5BA6C3A}
	EndGlobalSection
EndGlobal
